
Microsoft Visual Studio Solution File, Format Version 12.00
# Visual Studio Version 17
VisualStudioVersion = 17.14.36915.13 d17.14
MinimumVisualStudioVersion = 10.0.40219.1
Project("{888888A0-9F3D-457C-B088-3A5042F75D52}") = "lila", "lila\lila.pyproj", "{7D72AD3B-E3DD-4F4F-9C4D-585C4AF902F5}"
EndProject
Global
	GlobalSection(SolutionConfigurationPlatforms) = preSolution
		Debug|Any CPU = Debug|Any CPU
		Release|Any CPU = Release|Any CPU
	EndGlobalSection
	GlobalSection(ProjectConfigurationPlatforms) = postSolution
		{7D72AD3B-E3DD-4F4F-9C4D-585C4AF902F5}.Debug|Any CPU.ActiveCfg = Debug|Any CPU
		{7D72AD3B-E3DD-4F4F-9C4D-585C4AF902F5}.Debug|Any CPU.Build.0 = Debug|Any CPU
		{7D72AD3B-E3DD-4F4F-9C4D-585C4AF902F5}.Release|Any CPU.ActiveCfg = Release|Any CPU
		{7D72AD3B-E3DD-4F4F-9C4D-585C4AF902F5}.Release|Any CPU.Build.0 = Release|Any CPU
	EndGlobalSection
	GlobalSection(SolutionProperties) = preSolution
		HideSolutionNode = FALSE
	EndGlobalSection
	GlobalSection(ExtensibilityGlobals) = postSolution
		SolutionGuid = {ED28BDB0-A452-4354-8C18-25A3F467C964}
	EndGlobalSection
EndGlobal
